// !$*UTF8*$!
{
	archiveVersion = 1;
	classes = {
	};
	objectVersion = 46;
	objects = {

/* Begin PBXBuildFile section */
		3F87BD771DCC8BC4000AC450 /* AppDelegate.swift in Sources */ = {isa = PBXBuildFile; fileRef = 3F87BD761DCC8BC4000AC450 /* AppDelegate.swift */; };
		3F87BD791DCC8BC4000AC450 /* ViewController.swift in Sources */ = {isa = PBXBuildFile; fileRef = 3F87BD781DCC8BC4000AC450 /* ViewController.swift */; };
		3F87BD7C1DCC8BC4000AC450 /* Main.storyboard in Resources */ = {isa = PBXBuildFile; fileRef = 3F87BD7A1DCC8BC4000AC450 /* Main.storyboard */; };
		3F87BD7E1DCC8BC4000AC450 /* Assets.xcassets in Resources */ = {isa = PBXBuildFile; fileRef = 3F87BD7D1DCC8BC4000AC450 /* Assets.xcassets */; };
		3F87BD811DCC8BC4000AC450 /* LaunchScreen.storyboard in Resources */ = {isa = PBXBuildFile; fileRef = 3F87BD7F1DCC8BC4000AC450 /* LaunchScreen.storyboard */; };
		3F87BD891DCC91D9000AC450 /* StudentView.swift in Sources */ = {isa = PBXBuildFile; fileRef = 3F87BD881DCC91D9000AC450 /* StudentView.swift */; };
		3F87BD8B1DCC9208000AC450 /* TaxCalculatorView.swift in Sources */ = {isa = PBXBuildFile; fileRef = 3F87BD8A1DCC9208000AC450 /* TaxCalculatorView.swift */; };
		3F87BD8D1DCC9B16000AC450 /* GradeSummary.swift in Sources */ = {isa = PBXBuildFile; fileRef = 3F87BD8C1DCC9B16000AC450 /* GradeSummary.swift */; };
		3F87BD8F1DCC9B2B000AC450 /* TaxSummary.swift in Sources */ = {isa = PBXBuildFile; fileRef = 3F87BD8E1DCC9B2B000AC450 /* TaxSummary.swift */; };
/* End PBXBuildFile section */

/* Begin PBXFileReference section */
		3F87BD731DCC8BC4000AC450 /* labEval2.app */ = {isa = PBXFileReference; explicitFileType = wrapper.application; includeInIndex = 0; path = labEval2.app; sourceTree = BUILT_PRODUCTS_DIR; };
		3F87BD761DCC8BC4000AC450 /* AppDelegate.swift */ = {isa = PBXFileReference; lastKnownFileType = sourcecode.swift; path = AppDelegate.swift; sourceTree = "<group>"; };
		3F87BD781DCC8BC4000AC450 /* ViewController.swift */ = {isa = PBXFileReference; lastKnownFileType = sourcecode.swift; path = ViewController.swift; sourceTree = "<group>"; };
		3F87BD7B1DCC8BC4000AC450 /* Base */ = {isa = PBXFileReference; lastKnownFileType = file.storyboard; name = Base; path = Base.lproj/Main.storyboard; sourceTree = "<group>"; };
		3F87BD7D1DCC8BC4000AC450 /* Assets.xcassets */ = {isa = PBXFileReference; lastKnownFileType = folder.assetcatalog; path = Assets.xcassets; sourceTree = "<group>"; };
		3F87BD801DCC8BC4000AC450 /* Base */ = {isa = PBXFileReference; lastKnownFileType = file.storyboard; name = Base; path = Base.lproj/LaunchScreen.storyboard; sourceTree = "<group>"; };
		3F87BD821DCC8BC4000AC450 /* Info.plist */ = {isa = PBXFileReference; lastKnownFileType = text.plist.xml; path = Info.plist; sourceTree = "<group>"; };
		3F87BD881DCC91D9000AC450 /* StudentView.swift */ = {isa = PBXFileReference; fileEncoding = 4; lastKnownFileType = sourcecode.swift; path = StudentView.swift; sourceTree = "<group>"; };
		3F87BD8A1DCC9208000AC450 /* TaxCalculatorView.swift */ = {isa = PBXFileReference; fileEncoding = 4; lastKnownFileType = sourcecode.swift; path = TaxCalculatorView.swift; sourceTree = "<group>"; };
		3F87BD8C1DCC9B16000AC450 /* GradeSummary.swift */ = {isa = PBXFileReference; fileEncoding = 4; lastKnownFileType = sourcecode.swift; path = GradeSummary.swift; sourceTree = "<group>"; };
		3F87BD8E1DCC9B2B000AC450 /* TaxSummary.swift */ = {isa = PBXFileReference; fileEncoding = 4; lastKnownFileType = sourcecode.swift; path = TaxSummary.swift; sourceTree = "<group>"; };
/* End PBXFileReference section */

/* Begin PBXFrameworksBuildPhase section */
		3F87BD701DCC8BC4000AC450 /* Frameworks */ = {
			isa = PBXFrameworksBuildPhase;
			buildActionMask = 2147483647;
			files = (
			);
			runOnlyForDeploymentPostprocessing = 0;
		};
/* End PBXFrameworksBuildPhase section */

/* Begin PBXGroup section */
		3F87BD6A1DCC8BC4000AC450 = {
			isa = PBXGroup;
			children = (
				3F87BD751DCC8BC4000AC450 /* labEval2 */,
				3F87BD741DCC8BC4000AC450 /* Products */,
			);
			sourceTree = "<group>";
		};
		3F87BD741DCC8BC4000AC450 /* Products */ = {
			isa = PBXGroup;
			children = (
				3F87BD731DCC8BC4000AC450 /* labEval2.app */,
			);
			name = Products;
			sourceTree = "<group>";
		};
		3F87BD751DCC8BC4000AC450 /* labEval2 */ = {
			isa = PBXGroup;
			children = (
				3F87BD761DCC8BC4000AC450 /* AppDelegate.swift */,
				3F87BD781DCC8BC4000AC450 /* ViewController.swift */,
				3F87BD7A1DCC8BC4000AC450 /* Main.storyboard */,
				3F87BD7D1DCC8BC4000AC450 /* Assets.xcassets */,
				3F87BD7F1DCC8BC4000AC450 /* LaunchScreen.storyboard */,
				3F87BD821DCC8BC4000AC450 /* Info.plist */,
				3F87BD881DCC91D9000AC450 /* StudentView.swift */,
				3F87BD8A1DCC9208000AC450 /* TaxCalculatorView.swift */,
				3F87BD8C1DCC9B16000AC450 /* GradeSummary.swift */,
				3F87BD8E1DCC9B2B000AC450 /* TaxSummary.swift */,
			);
			path = labEval2;
			sourceTree = "<group>";
		};
/* End PBXGroup section */

/* Begin PBXNativeTarget section */
		3F87BD721DCC8BC4000AC450 /* labEval2 */ = {
			isa = PBXNativeTarget;
			buildConfigurationList = 3F87BD851DCC8BC4000AC450 /* Build configuration list for PBXNativeTarget "labEval2" */;
			buildPhases = (
				3F87BD6F1DCC8BC4000AC450 /* Sources */,
				3F87BD701DCC8BC4000AC450 /* Frameworks */,
				3F87BD711DCC8BC4000AC450 /* Resources */,
			);
			buildRules = (
			);
			dependencies = (
			);
			name = labEval2;
			productName = labEval2;
			productReference = 3F87BD731DCC8BC4000AC450 /* labEval2.app */;
			productType = "com.apple.product-type.application";
		};
/* End PBXNativeTarget section */

/* Begin PBXProject section */
		3F87BD6B1DCC8BC4000AC450 /* Project object */ = {
			isa = PBXProject;
			attributes = {
				LastSwiftUpdateCheck = 0730;
				LastUpgradeCheck = 0730;
				ORGANIZATIONNAME = lpu;
				TargetAttributes = {
					3F87BD721DCC8BC4000AC450 = {
						CreatedOnToolsVersion = 7.3.1;
					};
				};
			};
			buildConfigurationList = 3F87BD6E1DCC8BC4000AC450 /* Build configuration list for PBXProject "labEval2" */;
			compatibilityVersion = "Xcode 3.2";
			developmentRegion = English;
			hasScannedForEncodings = 0;
			knownRegions = (
				en,
				Base,
			);
			mainGroup = 3F87BD6A1DCC8BC4000AC450;
			productRefGroup = 3F87BD741DCC8BC4000AC450 /* Products */;
			projectDirPath = "";
			projectRoot = "";
			targets = (
				3F87BD721DCC8BC4000AC450 /* labEval2 */,
			);
		};
/* End PBXProject section */

/* Begin PBXResourcesBuildPhase section */
		3F87BD711DCC8BC4000AC450 /* Resources */ = {
			isa = PBXResourcesBuildPhase;
			buildActionMask = 2147483647;
			files = (
				3F87BD811DCC8BC4000AC450 /* LaunchScreen.storyboard in Resources */,
				3F87BD7E1DCC8BC4000AC450 /* Assets.xcassets in Resources */,
				3F87BD7C1DCC8BC4000AC450 /* Main.storyboard in Resources */,
			);
			runOnlyForDeploymentPostprocessing = 0;
		};
/* End PBXResourcesBuildPhase section */

/* Begin PBXSourcesBuildPhase section */
		3F87BD6F1DCC8BC4000AC450 /* Sources */ = {
			isa = PBXSourcesBuildPhase;
			buildActionMask = 2147483647;
			files = (
				3F87BD8B1DCC9208000AC450 /* TaxCalculatorView.swift in Sources */,
				3F87BD791DCC8BC4000AC450 /* ViewController.swift in Sources */,
				3F87BD891DCC91D9000AC450 /* StudentView.swift in Sources */,
				3F87BD771DCC8BC4000AC450 /* AppDelegate.swift in Sources */,
				3F87BD8F1DCC9B2B000AC450 /* TaxSummary.swift in Sources */,
				3F87BD8D1DCC9B16000AC450 /* GradeSummary.swift in Sources */,
			);
			runOnlyForDeploymentPostprocessing = 0;
		};
/* End PBXSourcesBuildPhase section */

/* Begin PBXVariantGroup section */
		3F87BD7A1DCC8BC4000AC450 /* Main.storyboard */ = {
			isa = PBXVariantGroup;
			children = (
				3F87BD7B1DCC8BC4000AC450 /* Base */,
			);
			name = Main.storyboard;
			sourceTree = "<group>";
		};
		3F87BD7F1DCC8BC4000AC450 /* LaunchScreen.storyboard */ = {
			isa = PBXVariantGroup;
			children = (
				3F87BD801DCC8BC4000AC450 /* Base */,
			);
			name = LaunchScreen.storyboard;
			sourceTree = "<group>";
		};
/* End PBXVariantGroup section */

/* Begin XCBuildConfiguration section */
		3F87BD831DCC8BC4000AC450 /* Debug */ = {
			isa = XCBuildConfiguration;
			buildSettings = {
				ALWAYS_SEARCH_USER_PATHS = NO;
				CLANG_ANALYZER_NONNULL = YES;
				CLANG_CXX_LANGUAGE_STANDARD = "gnu++0x";
				CLANG_CXX_LIBRARY = "libc++";
				CLANG_ENABLE_MODULES = YES;
				CLANG_ENABLE_OBJC_ARC = YES;
				CLANG_WARN_BOOL_CONVERSION = YES;
				CLANG_WARN_CONSTANT_CONVERSION = YES;
				CLANG_WARN_DIRECT_OBJC_ISA_USAGE = YES_ERROR;
				CLANG_WARN_EMPTY_BODY = YES;
				CLANG_WARN_ENUM_CONVERSION = YES;
				CLANG_WARN_INT_CONVERSION = YES;
				CLANG_WARN_OBJC_ROOT_CLASS = YES_ERROR;
				CLANG_WARN_UNREACHABLE_CODE = YES;
				CLANG_WARN__DUPLICATE_METHOD_MATCH = YES;
				"CODE_SIGN_IDENTITY[sdk=iphoneos*]" = "iPhone Developer";
				COPY_PHASE_STRIP = NO;
				DEBUG_INFORMATION_FORMAT = dwarf;
				ENABLE_STRICT_OBJC_MSGSEND = YES;
				ENABLE_TESTABILITY = YES;
				GCC_C_LANGUAGE_STANDARD = gnu99;
				GCC_DYNAMIC_NO_PIC = NO;
				GCC_NO_COMMON_BLOCKS = YES;
				GCC_OPTIMIZATION_LEVEL = 0;
				GCC_PREPROCESSOR_DEFINITIONS = (
					"DEBUG=1",
					"$(inherited)",
				);
				GCC_WARN_64_TO_32_BIT_CONVERSION = YES;
				GCC_WARN_ABOUT_RETURN_TYPE = YES_ERROR;
				GCC_WARN_UNDECLARED_SELECTOR = YES;
				GCC_WARN_UNINITIALIZED_AUTOS = YES_AGGRESSIVE;
				GCC_WARN_UNUSED_FUNCTION = YES;
				GCC_WARN_UNUSED_VARIABLE = YES;
				IPHONEOS_DEPLOYMENT_TARGET = 9.3;
				MTL_ENABLE_DEBUG_INFO = YES;
				ONLY_ACTIVE_ARCH = YES;
				SDKROOT = iphoneos;
				SWIFT_OPTIMIZATION_LEVEL = "-Onone";
			};
			name = Debug;
		};
		3F87BD841DCC8BC4000AC450 /* Release */ = {
			isa = XCBuildConfiguration;
			buildSettings = {
				ALWAYS_SEARCH_USER_PATHS = NO;
				CLANG_ANALYZER_NONNULL = YES;
				CLANG_CXX_LANGUAGE_STANDARD = "gnu++0x";
				CLANG_CXX_LIBRARY = "libc++";
				CLANG_ENABLE_MODULES = YES;
				CLANG_ENABLE_OBJC_ARC = YES;
				CLANG_WARN_BOOL_CONVERSION = YES;
				CLANG_WARN_CONSTANT_CONVERSION = YES;
				CLANG_WARN_DIRECT_OBJC_ISA_USAGE = YES_ERROR;
				CLANG_WARN_EMPTY_BODY = YES;
				CLANG_WARN_ENUM_CONVERSION = YES;
				CLANG_WARN_INT_CONVERSION = YES;
				CLANG_WARN_OBJC_ROOT_CLASS = YES_ERROR;
				CLANG_WARN_UNREACHABLE_CODE = YES;
				CLANG_WARN__DUPLICATE_METHOD_MATCH = YES;
				"CODE_SIGN_IDENTITY[sdk=iphoneos*]" = "iPhone Developer";
				COPY_PHASE_STRIP = NO;
				DEBUG_INFORMATION_FORMAT = "dwarf-with-dsym";
				ENABLE_NS_ASSERTIONS = NO;
				ENABLE_STRICT_OBJC_MSGSEND = YES;
				GCC_C_LANGUAGE_STANDARD = gnu99;
				GCC_NO_COMMON_BLOCKS = YES;
				GCC_WARN_64_TO_32_BIT_CONVERSION = YES;
				GCC_WARN_ABOUT_RETURN_TYPE = YES_ERROR;
				GCC_WARN_UNDECLARED_SELECTOR = YES;
				GCC_WARN_UNINITIALIZED_AUTOS = YES_AGGRESSIVE;
				GCC_WARN_UNUSED_FUNCTION = YES;
				GCC_WARN_UNUSED_VARIABLE = YES;
				IPHONEOS_DEPLOYMENT_TARGET = 9.3;
				MTL_ENABLE_DEBUG_INFO = NO;
				SDKROOT = iphoneos;
				VALIDATE_PRODUCT = YES;
			};
			name = Release;
		};
		3F87BD861DCC8BC4000AC450 /* Debug */ = {
			isa = XCBuildConfiguration;
			buildSettings = {
				ASSETCATALOG_COMPILER_APPICON_NAME = AppIcon;
				INFOPLIST_FILE = labEval2/Info.plist;
				LD_RUNPATH_SEARCH_PATHS = "$(inherited) @executable_path/Frameworks";
				PRODUCT_BUNDLE_IDENTIFIER = cse.labEval2;
				PRODUCT_NAME = "$(TARGET_NAME)";
			};
			name = Debug;
		};
		3F87BD871DCC8BC4000AC450 /* Release */ = {
			isa = XCBuildConfiguration;
			buildSettings = {
				ASSETCATALOG_COMPILER_APPICON_NAME = AppIcon;
				INFOPLIST_FILE = labEval2/Info.plist;
				LD_RUNPATH_SEARCH_PATHS = "$(inherited) @executable_path/Frameworks";
				PRODUCT_BUNDLE_IDENTIFIER = cse.labEval2;
				PRODUCT_NAME = "$(TARGET_NAME)";
			};
			name = Release;
		};
/* End XCBuildConfiguration section */

/* Begin XCConfigurationList section */
		3F87BD6E1DCC8BC4000AC450 /* Build configuration list for PBXProject "labEval2" */ = {
			isa = XCConfigurationList;
			buildConfigurations = (
				3F87BD831DCC8BC4000AC450 /* Debug */,
				3F87BD841DCC8BC4000AC450 /* Release */,
			);
			defaultConfigurationIsVisible = 0;
			defaultConfigurationName = Release;
		};
		3F87BD851DCC8BC4000AC450 /* Build configuration list for PBXNativeTarget "labEval2" */ = {
			isa = XCConfigurationList;
			buildConfigurations = (
				3F87BD861DCC8BC4000AC450 /* Debug */,
				3F87BD871DCC8BC4000AC450 /* Release */,
			);
			defaultConfigurationIsVisible = 0;
		};
/* End XCConfigurationList section */
	};
	rootObject = 3F87BD6B1DCC8BC4000AC450 /* Project object */;
}
